// !$*UTF8*$!
{
	archiveVersion = 1;
	classes = {
	};
	objectVersion = 56;
	objects = {

/* Begin PBXBuildFile section */
		8B155B592B0C803700D3ACF7 /* PageController.swift in Sources */ = {isa = PBXBuildFile; fileRef = 8B155B582B0C803700D3ACF7 /* PageController.swift */; };
		8B2D17512B6C01DB00FEB986 /* Ball.swift in Sources */ = {isa = PBXBuildFile; fileRef = 8B2D17502B6C01DB00FEB986 /* Ball.swift */; };
		8B2D17532B6C198300FEB986 /* GeneBoard.swift in Sources */ = {isa = PBXBuildFile; fileRef = 8B2D17522B6C198300FEB986 /* GeneBoard.swift */; };
		8BAD2A342B77899C00CDFC6F /* Pretrained_Bird_Instance.swift in Sources */ = {isa = PBXBuildFile; fileRef = 8BAD2A332B77899C00CDFC6F /* Pretrained_Bird_Instance.swift */; };
		8BAD2A362B77D51D00CDFC6F /* IntroductionView.swift in Sources */ = {isa = PBXBuildFile; fileRef = 8BAD2A352B77D51D00CDFC6F /* IntroductionView.swift */; };
		8BAD2A382B78B29E00CDFC6F /* GAPage.swift in Sources */ = {isa = PBXBuildFile; fileRef = 8BAD2A372B78B29E00CDFC6F /* GAPage.swift */; };
		8BAD2A3A2B78B37B00CDFC6F /* GADetailsPage.swift in Sources */ = {isa = PBXBuildFile; fileRef = 8BAD2A392B78B37B00CDFC6F /* GADetailsPage.swift */; };
		8BAD2A3C2B78B49200CDFC6F /* ExperimentExpPage.swift in Sources */ = {isa = PBXBuildFile; fileRef = 8BAD2A3B2B78B49200CDFC6F /* ExperimentExpPage.swift */; };
		8BAD2A3E2B78EEC800CDFC6F /* FlappyBirdPage.swift in Sources */ = {isa = PBXBuildFile; fileRef = 8BAD2A3D2B78EEC800CDFC6F /* FlappyBirdPage.swift */; };
		8BAD2A402B78F2C000CDFC6F /* FlappyBirdExplainView.swift in Sources */ = {isa = PBXBuildFile; fileRef = 8BAD2A3F2B78F2C000CDFC6F /* FlappyBirdExplainView.swift */; };
		8BCCDCDE2B0B40F500040744 /* WWDCApp.swift in Sources */ = {isa = PBXBuildFile; fileRef = 8BCCDCDD2B0B40F500040744 /* WWDCApp.swift */; };
		8BCCDCE02B0B40F500040744 /* StageView.swift in Sources */ = {isa = PBXBuildFile; fileRef = 8BCCDCDF2B0B40F500040744 /* StageView.swift */; };
		8BCCDCE22B0B40F600040744 /* Assets.xcassets in Resources */ = {isa = PBXBuildFile; fileRef = 8BCCDCE12B0B40F600040744 /* Assets.xcassets */; };
		8BCCDCE52B0B40F600040744 /* Preview Assets.xcassets in Resources */ = {isa = PBXBuildFile; fileRef = 8BCCDCE42B0B40F600040744 /* Preview Assets.xcassets */; };
		8BDED9DD2B7621E200A47501 /* NoticeView.swift in Sources */ = {isa = PBXBuildFile; fileRef = 8BDED9DC2B7621E200A47501 /* NoticeView.swift */; };
		8BDED9DF2B767C9600A47501 /* NeuralNetworkExplanation.swift in Sources */ = {isa = PBXBuildFile; fileRef = 8BDED9DE2B767C9600A47501 /* NeuralNetworkExplanation.swift */; };
		8BE199BA2B73ABC100CFD3BA /* NeuralNetwork.swift in Sources */ = {isa = PBXBuildFile; fileRef = 8BE199B92B73ABC100CFD3BA /* NeuralNetwork.swift */; };
		8BE199CF2B73BC5D00CFD3BA /* NeuralNetworkBreeder.swift in Sources */ = {isa = PBXBuildFile; fileRef = 8BE199CE2B73BC5D00CFD3BA /* NeuralNetworkBreeder.swift */; };
		8BE91C6D2B6CE8B400C3FA0F /* BallBoard.swift in Sources */ = {isa = PBXBuildFile; fileRef = 8BE91C6C2B6CE8B400C3FA0F /* BallBoard.swift */; };
		8BE91C6F2B6D370D00C3FA0F /* RoundInfoBoard.swift in Sources */ = {isa = PBXBuildFile; fileRef = 8BE91C6E2B6D370D00C3FA0F /* RoundInfoBoard.swift */; };
		8BE91C712B6F4B9600C3FA0F /* ObservationView.swift in Sources */ = {isa = PBXBuildFile; fileRef = 8BE91C702B6F4B9600C3FA0F /* ObservationView.swift */; };
		8BE91C732B6F4BB300C3FA0F /* SettingView.swift in Sources */ = {isa = PBXBuildFile; fileRef = 8BE91C722B6F4BB300C3FA0F /* SettingView.swift */; };
		8BE91C752B6F550700C3FA0F /* GameView.swift in Sources */ = {isa = PBXBuildFile; fileRef = 8BE91C742B6F550700C3FA0F /* GameView.swift */; };
		8BF04A052B67A00E006DD210 /* ExperimentPage.swift in Sources */ = {isa = PBXBuildFile; fileRef = 8BF04A042B67A00E006DD210 /* ExperimentPage.swift */; };
		8BF04A072B67A20A006DD210 /* NeuralNetworkPage.swift in Sources */ = {isa = PBXBuildFile; fileRef = 8BF04A062B67A20A006DD210 /* NeuralNetworkPage.swift */; };
		8BF04A092B67A215006DD210 /* IntroductionPage.swift in Sources */ = {isa = PBXBuildFile; fileRef = 8BF04A082B67A215006DD210 /* IntroductionPage.swift */; };
		8BF04A0D2B67D2FF006DD210 /* GameScene.swift in Sources */ = {isa = PBXBuildFile; fileRef = 8BF04A0C2B67D2FF006DD210 /* GameScene.swift */; };
		8BF04A0F2B67D604006DD210 /* PageContentController.swift in Sources */ = {isa = PBXBuildFile; fileRef = 8BF04A0E2B67D604006DD210 /* PageContentController.swift */; };
/* End PBXBuildFile section */

/* Begin PBXFileReference section */
		8B155B582B0C803700D3ACF7 /* PageController.swift */ = {isa = PBXFileReference; lastKnownFileType = sourcecode.swift; path = PageController.swift; sourceTree = "<group>"; };
		8B2D17502B6C01DB00FEB986 /* Ball.swift */ = {isa = PBXFileReference; lastKnownFileType = sourcecode.swift; path = Ball.swift; sourceTree = "<group>"; };
		8B2D17522B6C198300FEB986 /* GeneBoard.swift */ = {isa = PBXFileReference; lastKnownFileType = sourcecode.swift; path = GeneBoard.swift; sourceTree = "<group>"; };
		8BAD2A332B77899C00CDFC6F /* Pretrained_Bird_Instance.swift */ = {isa = PBXFileReference; lastKnownFileType = sourcecode.swift; path = Pretrained_Bird_Instance.swift; sourceTree = "<group>"; };
		8BAD2A352B77D51D00CDFC6F /* IntroductionView.swift */ = {isa = PBXFileReference; lastKnownFileType = sourcecode.swift; path = IntroductionView.swift; sourceTree = "<group>"; };
		8BAD2A372B78B29E00CDFC6F /* GAPage.swift */ = {isa = PBXFileReference; lastKnownFileType = sourcecode.swift; path = GAPage.swift; sourceTree = "<group>"; };
		8BAD2A392B78B37B00CDFC6F /* GADetailsPage.swift */ = {isa = PBXFileReference; lastKnownFileType = sourcecode.swift; path = GADetailsPage.swift; sourceTree = "<group>"; };
		8BAD2A3B2B78B49200CDFC6F /* ExperimentExpPage.swift */ = {isa = PBXFileReference; lastKnownFileType = sourcecode.swift; path = ExperimentExpPage.swift; sourceTree = "<group>"; };
		8BAD2A3D2B78EEC800CDFC6F /* FlappyBirdPage.swift */ = {isa = PBXFileReference; lastKnownFileType = sourcecode.swift; path = FlappyBirdPage.swift; sourceTree = "<group>"; };
		8BAD2A3F2B78F2C000CDFC6F /* FlappyBirdExplainView.swift */ = {isa = PBXFileReference; lastKnownFileType = sourcecode.swift; path = FlappyBirdExplainView.swift; sourceTree = "<group>"; };
		8BCCDCDA2B0B40F500040744 /* WWDC.app */ = {isa = PBXFileReference; explicitFileType = wrapper.application; includeInIndex = 0; path = WWDC.app; sourceTree = BUILT_PRODUCTS_DIR; };
		8BCCDCDD2B0B40F500040744 /* WWDCApp.swift */ = {isa = PBXFileReference; lastKnownFileType = sourcecode.swift; path = WWDCApp.swift; sourceTree = "<group>"; };
		8BCCDCDF2B0B40F500040744 /* StageView.swift */ = {isa = PBXFileReference; lastKnownFileType = sourcecode.swift; path = StageView.swift; sourceTree = "<group>"; };
		8BCCDCE12B0B40F600040744 /* Assets.xcassets */ = {isa = PBXFileReference; lastKnownFileType = folder.assetcatalog; path = Assets.xcassets; sourceTree = "<group>"; };
		8BCCDCE42B0B40F600040744 /* Preview Assets.xcassets */ = {isa = PBXFileReference; lastKnownFileType = folder.assetcatalog; path = "Preview Assets.xcassets"; sourceTree = "<group>"; };
		8BCCDCE62B0B40F600040744 /* WWDC.entitlements */ = {isa = PBXFileReference; lastKnownFileType = text.plist.entitlements; path = WWDC.entitlements; sourceTree = "<group>"; };
		8BDED9DC2B7621E200A47501 /* NoticeView.swift */ = {isa = PBXFileReference; lastKnownFileType = sourcecode.swift; path = NoticeView.swift; sourceTree = "<group>"; };
		8BDED9DE2B767C9600A47501 /* NeuralNetworkExplanation.swift */ = {isa = PBXFileReference; lastKnownFileType = sourcecode.swift; path = NeuralNetworkExplanation.swift; sourceTree = "<group>"; };
		8BE199B92B73ABC100CFD3BA /* NeuralNetwork.swift */ = {isa = PBXFileReference; lastKnownFileType = sourcecode.swift; path = NeuralNetwork.swift; sourceTree = "<group>"; };
		8BE199CE2B73BC5D00CFD3BA /* NeuralNetworkBreeder.swift */ = {isa = PBXFileReference; lastKnownFileType = sourcecode.swift; path = NeuralNetworkBreeder.swift; sourceTree = "<group>"; };
		8BE91C6C2B6CE8B400C3FA0F /* BallBoard.swift */ = {isa = PBXFileReference; lastKnownFileType = sourcecode.swift; path = BallBoard.swift; sourceTree = "<group>"; };
		8BE91C6E2B6D370D00C3FA0F /* RoundInfoBoard.swift */ = {isa = PBXFileReference; lastKnownFileType = sourcecode.swift; path = RoundInfoBoard.swift; sourceTree = "<group>"; };
		8BE91C702B6F4B9600C3FA0F /* ObservationView.swift */ = {isa = PBXFileReference; lastKnownFileType = sourcecode.swift; path = ObservationView.swift; sourceTree = "<group>"; };
		8BE91C722B6F4BB300C3FA0F /* SettingView.swift */ = {isa = PBXFileReference; lastKnownFileType = sourcecode.swift; path = SettingView.swift; sourceTree = "<group>"; };
		8BE91C742B6F550700C3FA0F /* GameView.swift */ = {isa = PBXFileReference; lastKnownFileType = sourcecode.swift; path = GameView.swift; sourceTree = "<group>"; };
		8BF04A042B67A00E006DD210 /* ExperimentPage.swift */ = {isa = PBXFileReference; lastKnownFileType = sourcecode.swift; path = ExperimentPage.swift; sourceTree = "<group>"; };
		8BF04A062B67A20A006DD210 /* NeuralNetworkPage.swift */ = {isa = PBXFileReference; lastKnownFileType = sourcecode.swift; path = NeuralNetworkPage.swift; sourceTree = "<group>"; };
		8BF04A082B67A215006DD210 /* IntroductionPage.swift */ = {isa = PBXFileReference; lastKnownFileType = sourcecode.swift; path = IntroductionPage.swift; sourceTree = "<group>"; };
		8BF04A0C2B67D2FF006DD210 /* GameScene.swift */ = {isa = PBXFileReference; lastKnownFileType = sourcecode.swift; path = GameScene.swift; sourceTree = "<group>"; };
		8BF04A0E2B67D604006DD210 /* PageContentController.swift */ = {isa = PBXFileReference; lastKnownFileType = sourcecode.swift; path = PageContentController.swift; sourceTree = "<group>"; };
/* End PBXFileReference section */

/* Begin PBXFrameworksBuildPhase section */
		8BCCDCD72B0B40F500040744 /* Frameworks */ = {
			isa = PBXFrameworksBuildPhase;
			buildActionMask = 2147483647;
			files = (
			);
			runOnlyForDeploymentPostprocessing = 0;
		};
/* End PBXFrameworksBuildPhase section */

/* Begin PBXGroup section */
		8BCCDCD12B0B40F500040744 = {
			isa = PBXGroup;
			children = (
				8BCCDCDC2B0B40F500040744 /* WWDC */,
				8BCCDCDB2B0B40F500040744 /* Products */,
			);
			sourceTree = "<group>";
		};
		8BCCDCDB2B0B40F500040744 /* Products */ = {
			isa = PBXGroup;
			children = (
				8BCCDCDA2B0B40F500040744 /* WWDC.app */,
			);
			name = Products;
			sourceTree = "<group>";
		};
		8BCCDCDC2B0B40F500040744 /* WWDC */ = {
			isa = PBXGroup;
			children = (
				8BF04A012B679FC2006DD210 /* Slides */,
				8B155B582B0C803700D3ACF7 /* PageController.swift */,
				8BF04A0E2B67D604006DD210 /* PageContentController.swift */,
				8BE91C702B6F4B9600C3FA0F /* ObservationView.swift */,
				8BE91C722B6F4BB300C3FA0F /* SettingView.swift */,
				8BDED9DC2B7621E200A47501 /* NoticeView.swift */,
				8BE91C742B6F550700C3FA0F /* GameView.swift */,
				8B2D17522B6C198300FEB986 /* GeneBoard.swift */,
				8BE91C6E2B6D370D00C3FA0F /* RoundInfoBoard.swift */,
				8BE91C6C2B6CE8B400C3FA0F /* BallBoard.swift */,
				8BF04A0C2B67D2FF006DD210 /* GameScene.swift */,
				8BCCDCDD2B0B40F500040744 /* WWDCApp.swift */,
				8B2D17502B6C01DB00FEB986 /* Ball.swift */,
				8BCCDCDF2B0B40F500040744 /* StageView.swift */,
				8BE199B92B73ABC100CFD3BA /* NeuralNetwork.swift */,
				8BE199CE2B73BC5D00CFD3BA /* NeuralNetworkBreeder.swift */,
				8BAD2A332B77899C00CDFC6F /* Pretrained_Bird_Instance.swift */,
				8BCCDCE12B0B40F600040744 /* Assets.xcassets */,
				8BCCDCE62B0B40F600040744 /* WWDC.entitlements */,
				8BCCDCE32B0B40F600040744 /* Preview Content */,
			);
			path = WWDC;
			sourceTree = "<group>";
		};
		8BCCDCE32B0B40F600040744 /* Preview Content */ = {
			isa = PBXGroup;
			children = (
				8BCCDCE42B0B40F600040744 /* Preview Assets.xcassets */,
			);
			path = "Preview Content";
			sourceTree = "<group>";
		};
		8BF04A012B679FC2006DD210 /* Slides */ = {
			isa = PBXGroup;
			children = (
				8BF04A042B67A00E006DD210 /* ExperimentPage.swift */,
				8BF04A062B67A20A006DD210 /* NeuralNetworkPage.swift */,
				8BF04A082B67A215006DD210 /* IntroductionPage.swift */,
				8BAD2A3D2B78EEC800CDFC6F /* FlappyBirdPage.swift */,
				8BAD2A372B78B29E00CDFC6F /* GAPage.swift */,
				8BAD2A392B78B37B00CDFC6F /* GADetailsPage.swift */,
				8BAD2A3B2B78B49200CDFC6F /* ExperimentExpPage.swift */,
				8BAD2A352B77D51D00CDFC6F /* IntroductionView.swift */,
				8BAD2A3F2B78F2C000CDFC6F /* FlappyBirdExplainView.swift */,
				8BDED9DE2B767C9600A47501 /* NeuralNetworkExplanation.swift */,
			);
			path = Slides;
			sourceTree = "<group>";
		};
/* End PBXGroup section */

/* Begin PBXNativeTarget section */
		8BCCDCD92B0B40F500040744 /* WWDC */ = {
			isa = PBXNativeTarget;
			buildConfigurationList = 8BCCDCE92B0B40F600040744 /* Build configuration list for PBXNativeTarget "WWDC" */;
			buildPhases = (
				8BCCDCD62B0B40F500040744 /* Sources */,
				8BCCDCD72B0B40F500040744 /* Frameworks */,
				8BCCDCD82B0B40F500040744 /* Resources */,
			);
			buildRules = (
			);
			dependencies = (
			);
			name = WWDC;
			productName = WWDC;
			productReference = 8BCCDCDA2B0B40F500040744 /* WWDC.app */;
			productType = "com.apple.product-type.application";
		};
/* End PBXNativeTarget section */

/* Begin PBXProject section */
		8BCCDCD22B0B40F500040744 /* Project object */ = {
			isa = PBXProject;
			attributes = {
				BuildIndependentTargetsInParallel = 1;
				LastSwiftUpdateCheck = 1430;
				LastUpgradeCheck = 1430;
				TargetAttributes = {
					8BCCDCD92B0B40F500040744 = {
						CreatedOnToolsVersion = 14.3;
					};
				};
			};
			buildConfigurationList = 8BCCDCD52B0B40F500040744 /* Build configuration list for PBXProject "WWDC" */;
			compatibilityVersion = "Xcode 14.0";
			developmentRegion = en;
			hasScannedForEncodings = 0;
			knownRegions = (
				en,
				Base,
			);
			mainGroup = 8BCCDCD12B0B40F500040744;
			productRefGroup = 8BCCDCDB2B0B40F500040744 /* Products */;
			projectDirPath = "";
			projectRoot = "";
			targets = (
				8BCCDCD92B0B40F500040744 /* WWDC */,
			);
		};
/* End PBXProject section */

/* Begin PBXResourcesBuildPhase section */
		8BCCDCD82B0B40F500040744 /* Resources */ = {
			isa = PBXResourcesBuildPhase;
			buildActionMask = 2147483647;
			files = (
				8BCCDCE52B0B40F600040744 /* Preview Assets.xcassets in Resources */,
				8BCCDCE22B0B40F600040744 /* Assets.xcassets in Resources */,
			);
			runOnlyForDeploymentPostprocessing = 0;
		};
/* End PBXResourcesBuildPhase section */

/* Begin PBXSourcesBuildPhase section */
		8BCCDCD62B0B40F500040744 /* Sources */ = {
			isa = PBXSourcesBuildPhase;
			buildActionMask = 2147483647;
			files = (
				8BAD2A382B78B29E00CDFC6F /* GAPage.swift in Sources */,
				8BAD2A3E2B78EEC800CDFC6F /* FlappyBirdPage.swift in Sources */,
				8BAD2A362B77D51D00CDFC6F /* IntroductionView.swift in Sources */,
				8BDED9DF2B767C9600A47501 /* NeuralNetworkExplanation.swift in Sources */,
				8BCCDCE02B0B40F500040744 /* StageView.swift in Sources */,
				8B2D17532B6C198300FEB986 /* GeneBoard.swift in Sources */,
				8BAD2A3C2B78B49200CDFC6F /* ExperimentExpPage.swift in Sources */,
				8BE91C6D2B6CE8B400C3FA0F /* BallBoard.swift in Sources */,
				8BE91C732B6F4BB300C3FA0F /* SettingView.swift in Sources */,
				8BE91C752B6F550700C3FA0F /* GameView.swift in Sources */,
				8BE91C712B6F4B9600C3FA0F /* ObservationView.swift in Sources */,
				8BAD2A342B77899C00CDFC6F /* Pretrained_Bird_Instance.swift in Sources */,
				8BCCDCDE2B0B40F500040744 /* WWDCApp.swift in Sources */,
				8BF04A0F2B67D604006DD210 /* PageContentController.swift in Sources */,
				8BF04A072B67A20A006DD210 /* NeuralNetworkPage.swift in Sources */,
				8BAD2A402B78F2C000CDFC6F /* FlappyBirdExplainView.swift in Sources */,
				8BAD2A3A2B78B37B00CDFC6F /* GADetailsPage.swift in Sources */,
				8BE199CF2B73BC5D00CFD3BA /* NeuralNetworkBreeder.swift in Sources */,
				8BF04A092B67A215006DD210 /* IntroductionPage.swift in Sources */,
				8BE91C6F2B6D370D00C3FA0F /* RoundInfoBoard.swift in Sources */,
				8BDED9DD2B7621E200A47501 /* NoticeView.swift in Sources */,
				8B155B592B0C803700D3ACF7 /* PageController.swift in Sources */,
				8B2D17512B6C01DB00FEB986 /* Ball.swift in Sources */,
				8BF04A0D2B67D2FF006DD210 /* GameScene.swift in Sources */,
				8BF04A052B67A00E006DD210 /* ExperimentPage.swift in Sources */,
				8BE199BA2B73ABC100CFD3BA /* NeuralNetwork.swift in Sources */,
			);
			runOnlyForDeploymentPostprocessing = 0;
		};
/* End PBXSourcesBuildPhase section */

/* Begin XCBuildConfiguration section */
		8BCCDCE72B0B40F600040744 /* Debug */ = {
			isa = XCBuildConfiguration;
			buildSettings = {
				ALWAYS_SEARCH_USER_PATHS = NO;
				CLANG_ANALYZER_NONNULL = YES;
				CLANG_ANALYZER_NUMBER_OBJECT_CONVERSION = YES_AGGRESSIVE;
				CLANG_CXX_LANGUAGE_STANDARD = "gnu++20";
				CLANG_ENABLE_MODULES = YES;
				CLANG_ENABLE_OBJC_ARC = YES;
				CLANG_ENABLE_OBJC_WEAK = YES;
				CLANG_WARN_BLOCK_CAPTURE_AUTORELEASING = YES;
				CLANG_WARN_BOOL_CONVERSION = YES;
				CLANG_WARN_COMMA = YES;
				CLANG_WARN_CONSTANT_CONVERSION = YES;
				CLANG_WARN_DEPRECATED_OBJC_IMPLEMENTATIONS = YES;
				CLANG_WARN_DIRECT_OBJC_ISA_USAGE = YES_ERROR;
				CLANG_WARN_DOCUMENTATION_COMMENTS = YES;
				CLANG_WARN_EMPTY_BODY = YES;
				CLANG_WARN_ENUM_CONVERSION = YES;
				CLANG_WARN_INFINITE_RECURSION = YES;
				CLANG_WARN_INT_CONVERSION = YES;
				CLANG_WARN_NON_LITERAL_NULL_CONVERSION = YES;
				CLANG_WARN_OBJC_IMPLICIT_RETAIN_SELF = YES;
				CLANG_WARN_OBJC_LITERAL_CONVERSION = YES;
				CLANG_WARN_OBJC_ROOT_CLASS = YES_ERROR;
				CLANG_WARN_QUOTED_INCLUDE_IN_FRAMEWORK_HEADER = YES;
				CLANG_WARN_RANGE_LOOP_ANALYSIS = YES;
				CLANG_WARN_STRICT_PROTOTYPES = YES;
				CLANG_WARN_SUSPICIOUS_MOVE = YES;
				CLANG_WARN_UNGUARDED_AVAILABILITY = YES_AGGRESSIVE;
				CLANG_WARN_UNREACHABLE_CODE = YES;
				CLANG_WARN__DUPLICATE_METHOD_MATCH = YES;
				COPY_PHASE_STRIP = NO;
				DEBUG_INFORMATION_FORMAT = dwarf;
				ENABLE_STRICT_OBJC_MSGSEND = YES;
				ENABLE_TESTABILITY = YES;
				GCC_C_LANGUAGE_STANDARD = gnu11;
				GCC_DYNAMIC_NO_PIC = NO;
				GCC_NO_COMMON_BLOCKS = YES;
				GCC_OPTIMIZATION_LEVEL = 0;
				GCC_PREPROCESSOR_DEFINITIONS = (
					"DEBUG=1",
					"$(inherited)",
				);
				GCC_WARN_64_TO_32_BIT_CONVERSION = YES;
				GCC_WARN_ABOUT_RETURN_TYPE = YES_ERROR;
				GCC_WARN_UNDECLARED_SELECTOR = YES;
				GCC_WARN_UNINITIALIZED_AUTOS = YES_AGGRESSIVE;
				GCC_WARN_UNUSED_FUNCTION = YES;
				GCC_WARN_UNUSED_VARIABLE = YES;
				MACOSX_DEPLOYMENT_TARGET = 13.2;
				MTL_ENABLE_DEBUG_INFO = INCLUDE_SOURCE;
				MTL_FAST_MATH = YES;
				ONLY_ACTIVE_ARCH = YES;
				SDKROOT = macosx;
				SWIFT_ACTIVE_COMPILATION_CONDITIONS = DEBUG;
				SWIFT_OPTIMIZATION_LEVEL = "-Onone";
			};
			name = Debug;
		};
		8BCCDCE82B0B40F600040744 /* Release */ = {
			isa = XCBuildConfiguration;
			buildSettings = {
				ALWAYS_SEARCH_USER_PATHS = NO;
				CLANG_ANALYZER_NONNULL = YES;
				CLANG_ANALYZER_NUMBER_OBJECT_CONVERSION = YES_AGGRESSIVE;
				CLANG_CXX_LANGUAGE_STANDARD = "gnu++20";
				CLANG_ENABLE_MODULES = YES;
				CLANG_ENABLE_OBJC_ARC = YES;
				CLANG_ENABLE_OBJC_WEAK = YES;
				CLANG_WARN_BLOCK_CAPTURE_AUTORELEASING = YES;
				CLANG_WARN_BOOL_CONVERSION = YES;
				CLANG_WARN_COMMA = YES;
				CLANG_WARN_CONSTANT_CONVERSION = YES;
				CLANG_WARN_DEPRECATED_OBJC_IMPLEMENTATIONS = YES;
				CLANG_WARN_DIRECT_OBJC_ISA_USAGE = YES_ERROR;
				CLANG_WARN_DOCUMENTATION_COMMENTS = YES;
				CLANG_WARN_EMPTY_BODY = YES;
				CLANG_WARN_ENUM_CONVERSION = YES;
				CLANG_WARN_INFINITE_RECURSION = YES;
				CLANG_WARN_INT_CONVERSION = YES;
				CLANG_WARN_NON_LITERAL_NULL_CONVERSION = YES;
				CLANG_WARN_OBJC_IMPLICIT_RETAIN_SELF = YES;
				CLANG_WARN_OBJC_LITERAL_CONVERSION = YES;
				CLANG_WARN_OBJC_ROOT_CLASS = YES_ERROR;
				CLANG_WARN_QUOTED_INCLUDE_IN_FRAMEWORK_HEADER = YES;
				CLANG_WARN_RANGE_LOOP_ANALYSIS = YES;
				CLANG_WARN_STRICT_PROTOTYPES = YES;
				CLANG_WARN_SUSPICIOUS_MOVE = YES;
				CLANG_WARN_UNGUARDED_AVAILABILITY = YES_AGGRESSIVE;
				CLANG_WARN_UNREACHABLE_CODE = YES;
				CLANG_WARN__DUPLICATE_METHOD_MATCH = YES;
				COPY_PHASE_STRIP = NO;
				DEBUG_INFORMATION_FORMAT = "dwarf-with-dsym";
				ENABLE_NS_ASSERTIONS = NO;
				ENABLE_STRICT_OBJC_MSGSEND = YES;
				GCC_C_LANGUAGE_STANDARD = gnu11;
				GCC_NO_COMMON_BLOCKS = YES;
				GCC_WARN_64_TO_32_BIT_CONVERSION = YES;
				GCC_WARN_ABOUT_RETURN_TYPE = YES_ERROR;
				GCC_WARN_UNDECLARED_SELECTOR = YES;
				GCC_WARN_UNINITIALIZED_AUTOS = YES_AGGRESSIVE;
				GCC_WARN_UNUSED_FUNCTION = YES;
				GCC_WARN_UNUSED_VARIABLE = YES;
				MACOSX_DEPLOYMENT_TARGET = 13.2;
				MTL_ENABLE_DEBUG_INFO = NO;
				MTL_FAST_MATH = YES;
				SDKROOT = macosx;
				SWIFT_COMPILATION_MODE = wholemodule;
				SWIFT_OPTIMIZATION_LEVEL = "-O";
			};
			name = Release;
		};
		8BCCDCEA2B0B40F600040744 /* Debug */ = {
			isa = XCBuildConfiguration;
			buildSettings = {
				ASSETCATALOG_COMPILER_APPICON_NAME = AppIcon;
				ASSETCATALOG_COMPILER_GLOBAL_ACCENT_COLOR_NAME = AccentColor;
				CODE_SIGN_ENTITLEMENTS = WWDC/WWDC.entitlements;
				CODE_SIGN_STYLE = Automatic;
				COMBINE_HIDPI_IMAGES = YES;
				CURRENT_PROJECT_VERSION = 1;
				DEVELOPMENT_ASSET_PATHS = "\"WWDC/Preview Content\"";
				DEVELOPMENT_TEAM = 44ABU484KD;
				ENABLE_HARDENED_RUNTIME = YES;
				ENABLE_PREVIEWS = YES;
				GENERATE_INFOPLIST_FILE = YES;
				INFOPLIST_KEY_NSHumanReadableCopyright = "";
				LD_RUNPATH_SEARCH_PATHS = (
					"$(inherited)",
					"@executable_path/../Frameworks",
				);
				MARKETING_VERSION = 1.0;
				PRODUCT_BUNDLE_IDENTIFIER = com.caijunzhi.WWDC;
				PRODUCT_NAME = "$(TARGET_NAME)";
				SWIFT_EMIT_LOC_STRINGS = YES;
				SWIFT_VERSION = 5.0;
			};
			name = Debug;
		};
		8BCCDCEB2B0B40F600040744 /* Release */ = {
			isa = XCBuildConfiguration;
			buildSettings = {
				ASSETCATALOG_COMPILER_APPICON_NAME = AppIcon;
				ASSETCATALOG_COMPILER_GLOBAL_ACCENT_COLOR_NAME = AccentColor;
				CODE_SIGN_ENTITLEMENTS = WWDC/WWDC.entitlements;
				CODE_SIGN_STYLE = Automatic;
				COMBINE_HIDPI_IMAGES = YES;
				CURRENT_PROJECT_VERSION = 1;
				DEVELOPMENT_ASSET_PATHS = "\"WWDC/Preview Content\"";
				DEVELOPMENT_TEAM = 44ABU484KD;
				ENABLE_HARDENED_RUNTIME = YES;
				ENABLE_PREVIEWS = YES;
				GENERATE_INFOPLIST_FILE = YES;
				INFOPLIST_KEY_NSHumanReadableCopyright = "";
				LD_RUNPATH_SEARCH_PATHS = (
					"$(inherited)",
					"@executable_path/../Frameworks",
				);
				MARKETING_VERSION = 1.0;
				PRODUCT_BUNDLE_IDENTIFIER = com.caijunzhi.WWDC;
				PRODUCT_NAME = "$(TARGET_NAME)";
				SWIFT_EMIT_LOC_STRINGS = YES;
				SWIFT_VERSION = 5.0;
			};
			name = Release;
		};
/* End XCBuildConfiguration section */

/* Begin XCConfigurationList section */
		8BCCDCD52B0B40F500040744 /* Build configuration list for PBXProject "WWDC" */ = {
			isa = XCConfigurationList;
			buildConfigurations = (
				8BCCDCE72B0B40F600040744 /* Debug */,
				8BCCDCE82B0B40F600040744 /* Release */,
			);
			defaultConfigurationIsVisible = 0;
			defaultConfigurationName = Release;
		};
		8BCCDCE92B0B40F600040744 /* Build configuration list for PBXNativeTarget "WWDC" */ = {
			isa = XCConfigurationList;
			buildConfigurations = (
				8BCCDCEA2B0B40F600040744 /* Debug */,
				8BCCDCEB2B0B40F600040744 /* Release */,
			);
			defaultConfigurationIsVisible = 0;
			defaultConfigurationName = Release;
		};
/* End XCConfigurationList section */
	};
	rootObject = 8BCCDCD22B0B40F500040744 /* Project object */;
}
